
Microsoft Visual Studio Solution File, Format Version 12.00
# Visual Studio Version 17
VisualStudioVersion = 17.8.34227.203
MinimumVisualStudioVersion = 10.0.40219.1
Project("{2150E333-8FDC-42A3-9474-1A3956D46DE8}") = "Services", "Services", "{93DB0F8E-7D32-4D87-98F9-CF991386520E}"
EndProject
Project("{2150E333-8FDC-42A3-9474-1A3956D46DE8}") = "Catalog", "Catalog", "{D09A6AEC-372E-4546-BB19-D9D88A33017F}"
EndProject
Project("{9A19103F-16F7-4668-BE54-9A1E7A4F7556}") = "MultiShop.Catalog", "Services\Catalog\MultiShop.Catalog\MultiShop.Catalog.csproj", "{F5649001-DEEA-4907-9361-80411A8B2763}"
EndProject
Project("{2150E333-8FDC-42A3-9474-1A3956D46DE8}") = "Discount", "Discount", "{3477B187-D37D-4B33-8C8E-4AD73AA3DB5E}"
EndProject
Project("{FAE04EC0-301F-11D3-BF4B-00C04F79EFBC}") = "MultiShop.Discount", "Services\Discount\MultiShop.Discount\MultiShop.Discount.csproj", "{DFA167FC-BC04-4EF6-8D64-F0D95085B9BF}"
EndProject
Global
	GlobalSection(SolutionConfigurationPlatforms) = preSolution
		Debug|Any CPU = Debug|Any CPU
		Release|Any CPU = Release|Any CPU
	EndGlobalSection
	GlobalSection(ProjectConfigurationPlatforms) = postSolution
		{F5649001-DEEA-4907-9361-80411A8B2763}.Debug|Any CPU.ActiveCfg = Debug|Any CPU
		{F5649001-DEEA-4907-9361-80411A8B2763}.Debug|Any CPU.Build.0 = Debug|Any CPU
		{F5649001-DEEA-4907-9361-80411A8B2763}.Release|Any CPU.ActiveCfg = Release|Any CPU
		{F5649001-DEEA-4907-9361-80411A8B2763}.Release|Any CPU.Build.0 = Release|Any CPU
		{DFA167FC-BC04-4EF6-8D64-F0D95085B9BF}.Debug|Any CPU.ActiveCfg = Debug|Any CPU
		{DFA167FC-BC04-4EF6-8D64-F0D95085B9BF}.Debug|Any CPU.Build.0 = Debug|Any CPU
		{DFA167FC-BC04-4EF6-8D64-F0D95085B9BF}.Release|Any CPU.ActiveCfg = Release|Any CPU
		{DFA167FC-BC04-4EF6-8D64-F0D95085B9BF}.Release|Any CPU.Build.0 = Release|Any CPU
	EndGlobalSection
	GlobalSection(SolutionProperties) = preSolution
		HideSolutionNode = FALSE
	EndGlobalSection
	GlobalSection(NestedProjects) = preSolution
		{D09A6AEC-372E-4546-BB19-D9D88A33017F} = {93DB0F8E-7D32-4D87-98F9-CF991386520E}
		{F5649001-DEEA-4907-9361-80411A8B2763} = {D09A6AEC-372E-4546-BB19-D9D88A33017F}
		{3477B187-D37D-4B33-8C8E-4AD73AA3DB5E} = {93DB0F8E-7D32-4D87-98F9-CF991386520E}
		{DFA167FC-BC04-4EF6-8D64-F0D95085B9BF} = {3477B187-D37D-4B33-8C8E-4AD73AA3DB5E}
	EndGlobalSection
	GlobalSection(ExtensibilityGlobals) = postSolution
		SolutionGuid = {55A5FF00-808E-4F6C-82B6-97DB0E26A6B6}
	EndGlobalSection
EndGlobal
