
Microsoft Visual Studio Solution File, Format Version 12.00
# Visual Studio Version 17
VisualStudioVersion = 17.8.34227.203
MinimumVisualStudioVersion = 10.0.40219.1
Project("{2150E333-8FDC-42A3-9474-1A3956D46DE8}") = "Services", "Services", "{93DB0F8E-7D32-4D87-98F9-CF991386520E}"
EndProject
Project("{2150E333-8FDC-42A3-9474-1A3956D46DE8}") = "Catalog", "Catalog", "{D09A6AEC-372E-4546-BB19-D9D88A33017F}"
EndProject
Project("{9A19103F-16F7-4668-BE54-9A1E7A4F7556}") = "MultiShop.Catalog", "Services\Catalog\MultiShop.Catalog\MultiShop.Catalog.csproj", "{F5649001-DEEA-4907-9361-80411A8B2763}"
EndProject
Project("{2150E333-8FDC-42A3-9474-1A3956D46DE8}") = "Discount", "Discount", "{3477B187-D37D-4B33-8C8E-4AD73AA3DB5E}"
EndProject
Project("{9A19103F-16F7-4668-BE54-9A1E7A4F7556}") = "MultiShop.Discount", "Services\Discount\MultiShop.Discount\MultiShop.Discount.csproj", "{DFA167FC-BC04-4EF6-8D64-F0D95085B9BF}"
EndProject
Project("{2150E333-8FDC-42A3-9474-1A3956D46DE8}") = "Order", "Order", "{106F852D-7B0A-43D4-B1C4-A30E5AD87399}"
EndProject
Project("{2150E333-8FDC-42A3-9474-1A3956D46DE8}") = "Core", "Core", "{70EB1F15-666D-4C4C-99AD-F58179343A9C}"
EndProject
Project("{2150E333-8FDC-42A3-9474-1A3956D46DE8}") = "Infrastructure", "Infrastructure", "{203AF311-9565-4E82-8C83-44942D868A2D}"
EndProject
Project("{2150E333-8FDC-42A3-9474-1A3956D46DE8}") = "Presentation", "Presentation", "{D2501AF4-0A54-4E53-9D74-C36330188FD8}"
EndProject
Project("{9A19103F-16F7-4668-BE54-9A1E7A4F7556}") = "MultiShop.Order.Domain", "Services\Order\Core\MultiShop.Order.Domain\MultiShop.Order.Domain.csproj", "{6F2F7A76-3A86-4DBF-A1BA-1FB4E33D75F9}"
EndProject
Project("{9A19103F-16F7-4668-BE54-9A1E7A4F7556}") = "MultiShop.Order.Application", "Services\Order\Core\MultiShop.Order.Application\MultiShop.Order.Application.csproj", "{19E024A1-42FC-4213-A8CE-26521E98A5E4}"
EndProject
Project("{9A19103F-16F7-4668-BE54-9A1E7A4F7556}") = "MultiShop.Order.Persistence", "Services\Order\Infrastructure\MultiShop.Order.Persistence\MultiShop.Order.Persistence.csproj", "{4A24860C-0E4C-42F3-A763-757F7DD4F0E4}"
EndProject
Project("{9A19103F-16F7-4668-BE54-9A1E7A4F7556}") = "MultiShop.Order.WebApi", "Services\Order\Presentation\MultiShop.Order.WebApi\MultiShop.Order.WebApi.csproj", "{676FC118-BD1B-43B3-ACF6-B9634857F54F}"
EndProject
Project("{2150E333-8FDC-42A3-9474-1A3956D46DE8}") = "IdentityServer", "IdentityServer", "{F77D384B-9749-48BB-97D1-FB230505B8CB}"
EndProject
Project("{9A19103F-16F7-4668-BE54-9A1E7A4F7556}") = "MultiShop.IdentityServer", "IdentityServer\MultiShop.IdentityServer\MultiShop.IdentityServer.csproj", "{B207C916-C107-4D2F-B159-B7742891D593}"
EndProject
Project("{2150E333-8FDC-42A3-9474-1A3956D46DE8}") = "Requirements", "Requirements", "{79E2C0AB-CAB1-4E5E-80DD-066887767CC7}"
	ProjectSection(SolutionItems) = preProject
		PortNumber.txt = PortNumber.txt
	EndProjectSection
EndProject
Project("{2150E333-8FDC-42A3-9474-1A3956D46DE8}") = "Cargo", "Cargo", "{11CB5E61-4F81-4D56-B82D-06893C9B99F6}"
EndProject
Project("{9A19103F-16F7-4668-BE54-9A1E7A4F7556}") = "MultiShop.Cargo.EntityLayer", "Services\Cargo\MultiShop.Cargo.EntityLayer\MultiShop.Cargo.EntityLayer.csproj", "{2FFB4069-D689-4D4F-BBCD-F5413418E8AB}"
EndProject
Project("{9A19103F-16F7-4668-BE54-9A1E7A4F7556}") = "MultiShop.BusinessLayer", "Services\Cargo\MultiShop.BusinessLayer\MultiShop.BusinessLayer.csproj", "{0B3C8D97-853A-409A-AA02-B80A0B22AB47}"
EndProject
Project("{9A19103F-16F7-4668-BE54-9A1E7A4F7556}") = "MultiShop.DataAccessLayer", "Services\Cargo\MultiShop.DataAccessLayer\MultiShop.DataAccessLayer.csproj", "{7924B96D-C303-4BFE-A571-87793407934B}"
EndProject
Project("{9A19103F-16F7-4668-BE54-9A1E7A4F7556}") = "MultiShop.DtoLayer", "Services\Cargo\MultiShop.DtoLayer\MultiShop.DtoLayer.csproj", "{11C9CD82-E726-4793-8469-2CD01942CE8F}"
EndProject
Project("{9A19103F-16F7-4668-BE54-9A1E7A4F7556}") = "MultiShop.Cargo.WebApi", "Services\Cargo\MultiShop.Cargo.WebApi\MultiShop.Cargo.WebApi.csproj", "{2915C24E-A36C-4C74-859B-094FA1611117}"
EndProject
Project("{2150E333-8FDC-42A3-9474-1A3956D46DE8}") = "Basket", "Basket", "{4648EE8C-706C-4C0D-96DA-EFB9487C85E4}"
EndProject
Project("{FAE04EC0-301F-11D3-BF4B-00C04F79EFBC}") = "MultiShop.Basket", "Services\Basket\MultiShop.Basket\MultiShop.Basket.csproj", "{68021CD8-AF34-4B07-BE8B-AA01B3478F3A}"
EndProject
Project("{2150E333-8FDC-42A3-9474-1A3956D46DE8}") = "Frontends", "Frontends", "{C021F8EF-ED9F-4BD9-8FC6-3E819557A7C6}"
EndProject
Project("{FAE04EC0-301F-11D3-BF4B-00C04F79EFBC}") = "MultiShop.WebUI", "Frontends\MultiShop.WebUI\MultiShop.WebUI.csproj", "{B7AD104F-AC00-40E7-B69A-F0D40A6CFA99}"
EndProject
Project("{FAE04EC0-301F-11D3-BF4B-00C04F79EFBC}") = "MultiShop.DtoLayer", "Frontends\MultiShop.DtoLayer\MultiShop.DtoLayer.csproj", "{F870CE12-73E4-4811-881C-2991639A0BA7}"
EndProject
Global
	GlobalSection(SolutionConfigurationPlatforms) = preSolution
		Debug|Any CPU = Debug|Any CPU
		Release|Any CPU = Release|Any CPU
	EndGlobalSection
	GlobalSection(ProjectConfigurationPlatforms) = postSolution
		{F5649001-DEEA-4907-9361-80411A8B2763}.Debug|Any CPU.ActiveCfg = Debug|Any CPU
		{F5649001-DEEA-4907-9361-80411A8B2763}.Debug|Any CPU.Build.0 = Debug|Any CPU
		{F5649001-DEEA-4907-9361-80411A8B2763}.Release|Any CPU.ActiveCfg = Release|Any CPU
		{F5649001-DEEA-4907-9361-80411A8B2763}.Release|Any CPU.Build.0 = Release|Any CPU
		{DFA167FC-BC04-4EF6-8D64-F0D95085B9BF}.Debug|Any CPU.ActiveCfg = Debug|Any CPU
		{DFA167FC-BC04-4EF6-8D64-F0D95085B9BF}.Debug|Any CPU.Build.0 = Debug|Any CPU
		{DFA167FC-BC04-4EF6-8D64-F0D95085B9BF}.Release|Any CPU.ActiveCfg = Release|Any CPU
		{DFA167FC-BC04-4EF6-8D64-F0D95085B9BF}.Release|Any CPU.Build.0 = Release|Any CPU
		{6F2F7A76-3A86-4DBF-A1BA-1FB4E33D75F9}.Debug|Any CPU.ActiveCfg = Debug|Any CPU
		{6F2F7A76-3A86-4DBF-A1BA-1FB4E33D75F9}.Debug|Any CPU.Build.0 = Debug|Any CPU
		{6F2F7A76-3A86-4DBF-A1BA-1FB4E33D75F9}.Release|Any CPU.ActiveCfg = Release|Any CPU
		{6F2F7A76-3A86-4DBF-A1BA-1FB4E33D75F9}.Release|Any CPU.Build.0 = Release|Any CPU
		{19E024A1-42FC-4213-A8CE-26521E98A5E4}.Debug|Any CPU.ActiveCfg = Debug|Any CPU
		{19E024A1-42FC-4213-A8CE-26521E98A5E4}.Debug|Any CPU.Build.0 = Debug|Any CPU
		{19E024A1-42FC-4213-A8CE-26521E98A5E4}.Release|Any CPU.ActiveCfg = Release|Any CPU
		{19E024A1-42FC-4213-A8CE-26521E98A5E4}.Release|Any CPU.Build.0 = Release|Any CPU
		{4A24860C-0E4C-42F3-A763-757F7DD4F0E4}.Debug|Any CPU.ActiveCfg = Debug|Any CPU
		{4A24860C-0E4C-42F3-A763-757F7DD4F0E4}.Debug|Any CPU.Build.0 = Debug|Any CPU
		{4A24860C-0E4C-42F3-A763-757F7DD4F0E4}.Release|Any CPU.ActiveCfg = Release|Any CPU
		{4A24860C-0E4C-42F3-A763-757F7DD4F0E4}.Release|Any CPU.Build.0 = Release|Any CPU
		{676FC118-BD1B-43B3-ACF6-B9634857F54F}.Debug|Any CPU.ActiveCfg = Debug|Any CPU
		{676FC118-BD1B-43B3-ACF6-B9634857F54F}.Debug|Any CPU.Build.0 = Debug|Any CPU
		{676FC118-BD1B-43B3-ACF6-B9634857F54F}.Release|Any CPU.ActiveCfg = Release|Any CPU
		{676FC118-BD1B-43B3-ACF6-B9634857F54F}.Release|Any CPU.Build.0 = Release|Any CPU
		{B207C916-C107-4D2F-B159-B7742891D593}.Debug|Any CPU.ActiveCfg = Debug|Any CPU
		{B207C916-C107-4D2F-B159-B7742891D593}.Debug|Any CPU.Build.0 = Debug|Any CPU
		{B207C916-C107-4D2F-B159-B7742891D593}.Release|Any CPU.ActiveCfg = Release|Any CPU
		{B207C916-C107-4D2F-B159-B7742891D593}.Release|Any CPU.Build.0 = Release|Any CPU
		{2FFB4069-D689-4D4F-BBCD-F5413418E8AB}.Debug|Any CPU.ActiveCfg = Debug|Any CPU
		{2FFB4069-D689-4D4F-BBCD-F5413418E8AB}.Debug|Any CPU.Build.0 = Debug|Any CPU
		{2FFB4069-D689-4D4F-BBCD-F5413418E8AB}.Release|Any CPU.ActiveCfg = Release|Any CPU
		{2FFB4069-D689-4D4F-BBCD-F5413418E8AB}.Release|Any CPU.Build.0 = Release|Any CPU
		{0B3C8D97-853A-409A-AA02-B80A0B22AB47}.Debug|Any CPU.ActiveCfg = Debug|Any CPU
		{0B3C8D97-853A-409A-AA02-B80A0B22AB47}.Debug|Any CPU.Build.0 = Debug|Any CPU
		{0B3C8D97-853A-409A-AA02-B80A0B22AB47}.Release|Any CPU.ActiveCfg = Release|Any CPU
		{0B3C8D97-853A-409A-AA02-B80A0B22AB47}.Release|Any CPU.Build.0 = Release|Any CPU
		{7924B96D-C303-4BFE-A571-87793407934B}.Debug|Any CPU.ActiveCfg = Debug|Any CPU
		{7924B96D-C303-4BFE-A571-87793407934B}.Debug|Any CPU.Build.0 = Debug|Any CPU
		{7924B96D-C303-4BFE-A571-87793407934B}.Release|Any CPU.ActiveCfg = Release|Any CPU
		{7924B96D-C303-4BFE-A571-87793407934B}.Release|Any CPU.Build.0 = Release|Any CPU
		{11C9CD82-E726-4793-8469-2CD01942CE8F}.Debug|Any CPU.ActiveCfg = Debug|Any CPU
		{11C9CD82-E726-4793-8469-2CD01942CE8F}.Debug|Any CPU.Build.0 = Debug|Any CPU
		{11C9CD82-E726-4793-8469-2CD01942CE8F}.Release|Any CPU.ActiveCfg = Release|Any CPU
		{11C9CD82-E726-4793-8469-2CD01942CE8F}.Release|Any CPU.Build.0 = Release|Any CPU
		{2915C24E-A36C-4C74-859B-094FA1611117}.Debug|Any CPU.ActiveCfg = Debug|Any CPU
		{2915C24E-A36C-4C74-859B-094FA1611117}.Debug|Any CPU.Build.0 = Debug|Any CPU
		{2915C24E-A36C-4C74-859B-094FA1611117}.Release|Any CPU.ActiveCfg = Release|Any CPU
		{2915C24E-A36C-4C74-859B-094FA1611117}.Release|Any CPU.Build.0 = Release|Any CPU
		{68021CD8-AF34-4B07-BE8B-AA01B3478F3A}.Debug|Any CPU.ActiveCfg = Debug|Any CPU
		{68021CD8-AF34-4B07-BE8B-AA01B3478F3A}.Debug|Any CPU.Build.0 = Debug|Any CPU
		{68021CD8-AF34-4B07-BE8B-AA01B3478F3A}.Release|Any CPU.ActiveCfg = Release|Any CPU
		{68021CD8-AF34-4B07-BE8B-AA01B3478F3A}.Release|Any CPU.Build.0 = Release|Any CPU
		{B7AD104F-AC00-40E7-B69A-F0D40A6CFA99}.Debug|Any CPU.ActiveCfg = Debug|Any CPU
		{B7AD104F-AC00-40E7-B69A-F0D40A6CFA99}.Debug|Any CPU.Build.0 = Debug|Any CPU
		{B7AD104F-AC00-40E7-B69A-F0D40A6CFA99}.Release|Any CPU.ActiveCfg = Release|Any CPU
		{B7AD104F-AC00-40E7-B69A-F0D40A6CFA99}.Release|Any CPU.Build.0 = Release|Any CPU
		{F870CE12-73E4-4811-881C-2991639A0BA7}.Debug|Any CPU.ActiveCfg = Debug|Any CPU
		{F870CE12-73E4-4811-881C-2991639A0BA7}.Debug|Any CPU.Build.0 = Debug|Any CPU
		{F870CE12-73E4-4811-881C-2991639A0BA7}.Release|Any CPU.ActiveCfg = Release|Any CPU
		{F870CE12-73E4-4811-881C-2991639A0BA7}.Release|Any CPU.Build.0 = Release|Any CPU
	EndGlobalSection
	GlobalSection(SolutionProperties) = preSolution
		HideSolutionNode = FALSE
	EndGlobalSection
	GlobalSection(NestedProjects) = preSolution
		{D09A6AEC-372E-4546-BB19-D9D88A33017F} = {93DB0F8E-7D32-4D87-98F9-CF991386520E}
		{F5649001-DEEA-4907-9361-80411A8B2763} = {D09A6AEC-372E-4546-BB19-D9D88A33017F}
		{3477B187-D37D-4B33-8C8E-4AD73AA3DB5E} = {93DB0F8E-7D32-4D87-98F9-CF991386520E}
		{DFA167FC-BC04-4EF6-8D64-F0D95085B9BF} = {3477B187-D37D-4B33-8C8E-4AD73AA3DB5E}
		{106F852D-7B0A-43D4-B1C4-A30E5AD87399} = {93DB0F8E-7D32-4D87-98F9-CF991386520E}
		{70EB1F15-666D-4C4C-99AD-F58179343A9C} = {106F852D-7B0A-43D4-B1C4-A30E5AD87399}
		{203AF311-9565-4E82-8C83-44942D868A2D} = {106F852D-7B0A-43D4-B1C4-A30E5AD87399}
		{D2501AF4-0A54-4E53-9D74-C36330188FD8} = {106F852D-7B0A-43D4-B1C4-A30E5AD87399}
		{6F2F7A76-3A86-4DBF-A1BA-1FB4E33D75F9} = {70EB1F15-666D-4C4C-99AD-F58179343A9C}
		{19E024A1-42FC-4213-A8CE-26521E98A5E4} = {70EB1F15-666D-4C4C-99AD-F58179343A9C}
		{4A24860C-0E4C-42F3-A763-757F7DD4F0E4} = {203AF311-9565-4E82-8C83-44942D868A2D}
		{676FC118-BD1B-43B3-ACF6-B9634857F54F} = {D2501AF4-0A54-4E53-9D74-C36330188FD8}
		{B207C916-C107-4D2F-B159-B7742891D593} = {F77D384B-9749-48BB-97D1-FB230505B8CB}
		{11CB5E61-4F81-4D56-B82D-06893C9B99F6} = {93DB0F8E-7D32-4D87-98F9-CF991386520E}
		{2FFB4069-D689-4D4F-BBCD-F5413418E8AB} = {11CB5E61-4F81-4D56-B82D-06893C9B99F6}
		{0B3C8D97-853A-409A-AA02-B80A0B22AB47} = {11CB5E61-4F81-4D56-B82D-06893C9B99F6}
		{7924B96D-C303-4BFE-A571-87793407934B} = {11CB5E61-4F81-4D56-B82D-06893C9B99F6}
		{11C9CD82-E726-4793-8469-2CD01942CE8F} = {11CB5E61-4F81-4D56-B82D-06893C9B99F6}
		{2915C24E-A36C-4C74-859B-094FA1611117} = {11CB5E61-4F81-4D56-B82D-06893C9B99F6}
		{4648EE8C-706C-4C0D-96DA-EFB9487C85E4} = {93DB0F8E-7D32-4D87-98F9-CF991386520E}
		{68021CD8-AF34-4B07-BE8B-AA01B3478F3A} = {4648EE8C-706C-4C0D-96DA-EFB9487C85E4}
		{B7AD104F-AC00-40E7-B69A-F0D40A6CFA99} = {C021F8EF-ED9F-4BD9-8FC6-3E819557A7C6}
		{F870CE12-73E4-4811-881C-2991639A0BA7} = {C021F8EF-ED9F-4BD9-8FC6-3E819557A7C6}
	EndGlobalSection
	GlobalSection(ExtensibilityGlobals) = postSolution
		SolutionGuid = {55A5FF00-808E-4F6C-82B6-97DB0E26A6B6}
	EndGlobalSection
EndGlobal
